// !$*UTF8*$!
{
	archiveVersion = 1;
	classes = {
	};
	objectVersion = 46;
	objects = {

/* Begin PBXBuildFile section */
		1C5E13171E83C80B005B48A9 /* main.m in Sources */ = {isa = PBXBuildFile; fileRef = 1C5E13161E83C80B005B48A9 /* main.m */; };
		1C5E131A1E83C80B005B48A9 /* AppDelegate.m in Sources */ = {isa = PBXBuildFile; fileRef = 1C5E13191E83C80B005B48A9 /* AppDelegate.m */; };
		1C5E131D1E83C80B005B48A9 /* ViewController.m in Sources */ = {isa = PBXBuildFile; fileRef = 1C5E131C1E83C80B005B48A9 /* ViewController.m */; };
		1C5E13201E83C80B005B48A9 /* Main.storyboard in Resources */ = {isa = PBXBuildFile; fileRef = 1C5E131E1E83C80B005B48A9 /* Main.storyboard */; };
		1C5E13221E83C80B005B48A9 /* Assets.xcassets in Resources */ = {isa = PBXBuildFile; fileRef = 1C5E13211E83C80B005B48A9 /* Assets.xcassets */; };
		1C5E13251E83C80B005B48A9 /* LaunchScreen.storyboard in Resources */ = {isa = PBXBuildFile; fileRef = 1C5E13231E83C80B005B48A9 /* LaunchScreen.storyboard */; };
		1C5E13301E83C80B005B48A9 /* WXYListViewTests.m in Sources */ = {isa = PBXBuildFile; fileRef = 1C5E132F1E83C80B005B48A9 /* WXYListViewTests.m */; };
		1C5E133B1E83C80B005B48A9 /* WXYListViewUITests.m in Sources */ = {isa = PBXBuildFile; fileRef = 1C5E133A1E83C80B005B48A9 /* WXYListViewUITests.m */; };
		1DD5E58E63ABC9712484BB2C /* libPods-WXYListView.a in Frameworks */ = {isa = PBXBuildFile; fileRef = A5F1482A6361DEFF8FDDB479 /* libPods-WXYListView.a */; };
		C3727B10F7684588A4BBDE38 /* libPods-WXYListViewTests.a in Frameworks */ = {isa = PBXBuildFile; fileRef = D7B8336BA62A4DB1F8898CDA /* libPods-WXYListViewTests.a */; };
/* End PBXBuildFile section */

/* Begin PBXContainerItemProxy section */
		1C5E132C1E83C80B005B48A9 /* PBXContainerItemProxy */ = {
			isa = PBXContainerItemProxy;
			containerPortal = 1C5E130A1E83C80B005B48A9 /* Project object */;
			proxyType = 1;
			remoteGlobalIDString = 1C5E13111E83C80B005B48A9;
			remoteInfo = WXYListView;
		};
		1C5E13371E83C80B005B48A9 /* PBXContainerItemProxy */ = {
			isa = PBXContainerItemProxy;
			containerPortal = 1C5E130A1E83C80B005B48A9 /* Project object */;
			proxyType = 1;
			remoteGlobalIDString = 1C5E13111E83C80B005B48A9;
			remoteInfo = WXYListView;
		};
/* End PBXContainerItemProxy section */

/* Begin PBXFileReference section */
		1C5E13121E83C80B005B48A9 /* WXYListView.app */ = {isa = PBXFileReference; explicitFileType = wrapper.application; includeInIndex = 0; path = WXYListView.app; sourceTree = BUILT_PRODUCTS_DIR; };
		1C5E13161E83C80B005B48A9 /* main.m */ = {isa = PBXFileReference; lastKnownFileType = sourcecode.c.objc; path = main.m; sourceTree = "<group>"; };
		1C5E13181E83C80B005B48A9 /* AppDelegate.h */ = {isa = PBXFileReference; lastKnownFileType = sourcecode.c.h; path = AppDelegate.h; sourceTree = "<group>"; };
		1C5E13191E83C80B005B48A9 /* AppDelegate.m */ = {isa = PBXFileReference; lastKnownFileType = sourcecode.c.objc; path = AppDelegate.m; sourceTree = "<group>"; };
		1C5E131B1E83C80B005B48A9 /* ViewController.h */ = {isa = PBXFileReference; lastKnownFileType = sourcecode.c.h; path = ViewController.h; sourceTree = "<group>"; };
		1C5E131C1E83C80B005B48A9 /* ViewController.m */ = {isa = PBXFileReference; lastKnownFileType = sourcecode.c.objc; path = ViewController.m; sourceTree = "<group>"; };
		1C5E131F1E83C80B005B48A9 /* Base */ = {isa = PBXFileReference; lastKnownFileType = file.storyboard; name = Base; path = Base.lproj/Main.storyboard; sourceTree = "<group>"; };
		1C5E13211E83C80B005B48A9 /* Assets.xcassets */ = {isa = PBXFileReference; lastKnownFileType = folder.assetcatalog; path = Assets.xcassets; sourceTree = "<group>"; };
		1C5E13241E83C80B005B48A9 /* Base */ = {isa = PBXFileReference; lastKnownFileType = file.storyboard; name = Base; path = Base.lproj/LaunchScreen.storyboard; sourceTree = "<group>"; };
		1C5E13261E83C80B005B48A9 /* Info.plist */ = {isa = PBXFileReference; lastKnownFileType = text.plist.xml; path = Info.plist; sourceTree = "<group>"; };
		1C5E132B1E83C80B005B48A9 /* WXYListViewTests.xctest */ = {isa = PBXFileReference; explicitFileType = wrapper.cfbundle; includeInIndex = 0; path = WXYListViewTests.xctest; sourceTree = BUILT_PRODUCTS_DIR; };
		1C5E132F1E83C80B005B48A9 /* WXYListViewTests.m */ = {isa = PBXFileReference; lastKnownFileType = sourcecode.c.objc; path = WXYListViewTests.m; sourceTree = "<group>"; };
		1C5E13311E83C80B005B48A9 /* Info.plist */ = {isa = PBXFileReference; lastKnownFileType = text.plist.xml; path = Info.plist; sourceTree = "<group>"; };
		1C5E13361E83C80B005B48A9 /* WXYListViewUITests.xctest */ = {isa = PBXFileReference; explicitFileType = wrapper.cfbundle; includeInIndex = 0; path = WXYListViewUITests.xctest; sourceTree = BUILT_PRODUCTS_DIR; };
		1C5E133A1E83C80B005B48A9 /* WXYListViewUITests.m */ = {isa = PBXFileReference; lastKnownFileType = sourcecode.c.objc; path = WXYListViewUITests.m; sourceTree = "<group>"; };
		1C5E133C1E83C80B005B48A9 /* Info.plist */ = {isa = PBXFileReference; lastKnownFileType = text.plist.xml; path = Info.plist; sourceTree = "<group>"; };
		338B9C59F6F3FDD26AB9B475 /* Pods-WXYListView.release.xcconfig */ = {isa = PBXFileReference; includeInIndex = 1; lastKnownFileType = text.xcconfig; name = "Pods-WXYListView.release.xcconfig"; path = "Pods/Target Support Files/Pods-WXYListView/Pods-WXYListView.release.xcconfig"; sourceTree = "<group>"; };
		A5F1482A6361DEFF8FDDB479 /* libPods-WXYListView.a */ = {isa = PBXFileReference; explicitFileType = archive.ar; includeInIndex = 0; path = "libPods-WXYListView.a"; sourceTree = BUILT_PRODUCTS_DIR; };
		B0AF6B4D98C63A3CA3B3B64A /* Pods-WXYListView.debug.xcconfig */ = {isa = PBXFileReference; includeInIndex = 1; lastKnownFileType = text.xcconfig; name = "Pods-WXYListView.debug.xcconfig"; path = "Pods/Target Support Files/Pods-WXYListView/Pods-WXYListView.debug.xcconfig"; sourceTree = "<group>"; };
		B24C7689201FD4CAC44843B0 /* Pods-WXYListViewTests.release.xcconfig */ = {isa = PBXFileReference; includeInIndex = 1; lastKnownFileType = text.xcconfig; name = "Pods-WXYListViewTests.release.xcconfig"; path = "Pods/Target Support Files/Pods-WXYListViewTests/Pods-WXYListViewTests.release.xcconfig"; sourceTree = "<group>"; };
		D7B8336BA62A4DB1F8898CDA /* libPods-WXYListViewTests.a */ = {isa = PBXFileReference; explicitFileType = archive.ar; includeInIndex = 0; path = "libPods-WXYListViewTests.a"; sourceTree = BUILT_PRODUCTS_DIR; };
		E035FC343D76FE0389EFAB8D /* Pods-WXYListViewTests.debug.xcconfig */ = {isa = PBXFileReference; includeInIndex = 1; lastKnownFileType = text.xcconfig; name = "Pods-WXYListViewTests.debug.xcconfig"; path = "Pods/Target Support Files/Pods-WXYListViewTests/Pods-WXYListViewTests.debug.xcconfig"; sourceTree = "<group>"; };
/* End PBXFileReference section */

/* Begin PBXFrameworksBuildPhase section */
		1C5E130F1E83C80B005B48A9 /* Frameworks */ = {
			isa = PBXFrameworksBuildPhase;
			buildActionMask = 2147483647;
			files = (
				1DD5E58E63ABC9712484BB2C /* libPods-WXYListView.a in Frameworks */,
			);
			runOnlyForDeploymentPostprocessing = 0;
		};
		1C5E13281E83C80B005B48A9 /* Frameworks */ = {
			isa = PBXFrameworksBuildPhase;
			buildActionMask = 2147483647;
			files = (
				C3727B10F7684588A4BBDE38 /* libPods-WXYListViewTests.a in Frameworks */,
			);
			runOnlyForDeploymentPostprocessing = 0;
		};
		1C5E13331E83C80B005B48A9 /* Frameworks */ = {
			isa = PBXFrameworksBuildPhase;
			buildActionMask = 2147483647;
			files = (
			);
			runOnlyForDeploymentPostprocessing = 0;
		};
/* End PBXFrameworksBuildPhase section */

/* Begin PBXGroup section */
		02A8211D572460EA824F0C1F /* Frameworks */ = {
			isa = PBXGroup;
			children = (
				A5F1482A6361DEFF8FDDB479 /* libPods-WXYListView.a */,
				D7B8336BA62A4DB1F8898CDA /* libPods-WXYListViewTests.a */,
			);
			name = Frameworks;
			sourceTree = "<group>";
		};
		1C5E13091E83C80B005B48A9 = {
			isa = PBXGroup;
			children = (
				1C5E13141E83C80B005B48A9 /* WXYListView */,
				1C5E132E1E83C80B005B48A9 /* WXYListViewTests */,
				1C5E13391E83C80B005B48A9 /* WXYListViewUITests */,
				1C5E13131E83C80B005B48A9 /* Products */,
				368DDD0E2044CF577924A056 /* Pods */,
				02A8211D572460EA824F0C1F /* Frameworks */,
			);
			sourceTree = "<group>";
		};
		1C5E13131E83C80B005B48A9 /* Products */ = {
			isa = PBXGroup;
			children = (
				1C5E13121E83C80B005B48A9 /* WXYListView.app */,
				1C5E132B1E83C80B005B48A9 /* WXYListViewTests.xctest */,
				1C5E13361E83C80B005B48A9 /* WXYListViewUITests.xctest */,
			);
			name = Products;
			sourceTree = "<group>";
		};
		1C5E13141E83C80B005B48A9 /* WXYListView */ = {
			isa = PBXGroup;
			children = (
				1C5E13181E83C80B005B48A9 /* AppDelegate.h */,
				1C5E13191E83C80B005B48A9 /* AppDelegate.m */,
				1C5E131B1E83C80B005B48A9 /* ViewController.h */,
				1C5E131C1E83C80B005B48A9 /* ViewController.m */,
				1C5E131E1E83C80B005B48A9 /* Main.storyboard */,
				1C5E13211E83C80B005B48A9 /* Assets.xcassets */,
				1C5E13231E83C80B005B48A9 /* LaunchScreen.storyboard */,
				1C5E13261E83C80B005B48A9 /* Info.plist */,
				1C5E13151E83C80B005B48A9 /* Supporting Files */,
			);
			path = WXYListView;
			sourceTree = "<group>";
		};
		1C5E13151E83C80B005B48A9 /* Supporting Files */ = {
			isa = PBXGroup;
			children = (
				1C5E13161E83C80B005B48A9 /* main.m */,
			);
			name = "Supporting Files";
			sourceTree = "<group>";
		};
		1C5E132E1E83C80B005B48A9 /* WXYListViewTests */ = {
			isa = PBXGroup;
			children = (
				1C5E132F1E83C80B005B48A9 /* WXYListViewTests.m */,
				1C5E13311E83C80B005B48A9 /* Info.plist */,
			);
			path = WXYListViewTests;
			sourceTree = "<group>";
		};
		1C5E13391E83C80B005B48A9 /* WXYListViewUITests */ = {
			isa = PBXGroup;
			children = (
				1C5E133A1E83C80B005B48A9 /* WXYListViewUITests.m */,
				1C5E133C1E83C80B005B48A9 /* Info.plist */,
			);
			path = WXYListViewUITests;
			sourceTree = "<group>";
		};
		368DDD0E2044CF577924A056 /* Pods */ = {
			isa = PBXGroup;
			children = (
				B0AF6B4D98C63A3CA3B3B64A /* Pods-WXYListView.debug.xcconfig */,
				338B9C59F6F3FDD26AB9B475 /* Pods-WXYListView.release.xcconfig */,
				E035FC343D76FE0389EFAB8D /* Pods-WXYListViewTests.debug.xcconfig */,
				B24C7689201FD4CAC44843B0 /* Pods-WXYListViewTests.release.xcconfig */,
			);
			name = Pods;
			sourceTree = "<group>";
		};
/* End PBXGroup section */

/* Begin PBXNativeTarget section */
		1C5E13111E83C80B005B48A9 /* WXYListView */ = {
			isa = PBXNativeTarget;
			buildConfigurationList = 1C5E133F1E83C80B005B48A9 /* Build configuration list for PBXNativeTarget "WXYListView" */;
			buildPhases = (
				89C320B01B8F492B0AEA6391 /* [CP] Check Pods Manifest.lock */,
				1C5E130E1E83C80B005B48A9 /* Sources */,
				1C5E130F1E83C80B005B48A9 /* Frameworks */,
				1C5E13101E83C80B005B48A9 /* Resources */,
				9B7B462B26A5B4DC00D73C2D /* [CP] Embed Pods Frameworks */,
				8F0828FF73A2FC484C54C4B7 /* [CP] Copy Pods Resources */,
			);
			buildRules = (
			);
			dependencies = (
			);
			name = WXYListView;
			productName = WXYListView;
			productReference = 1C5E13121E83C80B005B48A9 /* WXYListView.app */;
			productType = "com.apple.product-type.application";
		};
		1C5E132A1E83C80B005B48A9 /* WXYListViewTests */ = {
			isa = PBXNativeTarget;
			buildConfigurationList = 1C5E13421E83C80B005B48A9 /* Build configuration list for PBXNativeTarget "WXYListViewTests" */;
			buildPhases = (
				DD19AA0F37BAC8698DCC4707 /* [CP] Check Pods Manifest.lock */,
				1C5E13271E83C80B005B48A9 /* Sources */,
				1C5E13281E83C80B005B48A9 /* Frameworks */,
				1C5E13291E83C80B005B48A9 /* Resources */,
				D8652B736A38DDAB0B9F210A /* [CP] Embed Pods Frameworks */,
				CB195166176F10017FDD6B65 /* [CP] Copy Pods Resources */,
			);
			buildRules = (
			);
			dependencies = (
				1C5E132D1E83C80B005B48A9 /* PBXTargetDependency */,
			);
			name = WXYListViewTests;
			productName = WXYListViewTests;
			productReference = 1C5E132B1E83C80B005B48A9 /* WXYListViewTests.xctest */;
			productType = "com.apple.product-type.bundle.unit-test";
		};
		1C5E13351E83C80B005B48A9 /* WXYListViewUITests */ = {
			isa = PBXNativeTarget;
			buildConfigurationList = 1C5E13451E83C80B005B48A9 /* Build configuration list for PBXNativeTarget "WXYListViewUITests" */;
			buildPhases = (
				1C5E13321E83C80B005B48A9 /* Sources */,
				1C5E13331E83C80B005B48A9 /* Frameworks */,
				1C5E13341E83C80B005B48A9 /* Resources */,
			);
			buildRules = (
			);
			dependencies = (
				1C5E13381E83C80B005B48A9 /* PBXTargetDependency */,
			);
			name = WXYListViewUITests;
			productName = WXYListViewUITests;
			productReference = 1C5E13361E83C80B005B48A9 /* WXYListViewUITests.xctest */;
			productType = "com.apple.product-type.bundle.ui-testing";
		};
/* End PBXNativeTarget section */

/* Begin PBXProject section */
		1C5E130A1E83C80B005B48A9 /* Project object */ = {
			isa = PBXProject;
			attributes = {
				LastUpgradeCheck = 0820;
				ORGANIZATIONNAME = ss;
				TargetAttributes = {
					1C5E13111E83C80B005B48A9 = {
						CreatedOnToolsVersion = 8.2.1;
						ProvisioningStyle = Automatic;
					};
					1C5E132A1E83C80B005B48A9 = {
						CreatedOnToolsVersion = 8.2.1;
						ProvisioningStyle = Automatic;
						TestTargetID = 1C5E13111E83C80B005B48A9;
					};
					1C5E13351E83C80B005B48A9 = {
						CreatedOnToolsVersion = 8.2.1;
						ProvisioningStyle = Automatic;
						TestTargetID = 1C5E13111E83C80B005B48A9;
					};
				};
			};
			buildConfigurationList = 1C5E130D1E83C80B005B48A9 /* Build configuration list for PBXProject "WXYListView" */;
			compatibilityVersion = "Xcode 3.2";
			developmentRegion = English;
			hasScannedForEncodings = 0;
			knownRegions = (
				en,
				Base,
			);
			mainGroup = 1C5E13091E83C80B005B48A9;
			productRefGroup = 1C5E13131E83C80B005B48A9 /* Products */;
			projectDirPath = "";
			projectRoot = "";
			targets = (
				1C5E13111E83C80B005B48A9 /* WXYListView */,
				1C5E132A1E83C80B005B48A9 /* WXYListViewTests */,
				1C5E13351E83C80B005B48A9 /* WXYListViewUITests */,
			);
		};
/* End PBXProject section */

/* Begin PBXResourcesBuildPhase section */
		1C5E13101E83C80B005B48A9 /* Resources */ = {
			isa = PBXResourcesBuildPhase;
			buildActionMask = 2147483647;
			files = (
				1C5E13251E83C80B005B48A9 /* LaunchScreen.storyboard in Resources */,
				1C5E13221E83C80B005B48A9 /* Assets.xcassets in Resources */,
				1C5E13201E83C80B005B48A9 /* Main.storyboard in Resources */,
			);
			runOnlyForDeploymentPostprocessing = 0;
		};
		1C5E13291E83C80B005B48A9 /* Resources */ = {
			isa = PBXResourcesBuildPhase;
			buildActionMask = 2147483647;
			files = (
			);
			runOnlyForDeploymentPostprocessing = 0;
		};
		1C5E13341E83C80B005B48A9 /* Resources */ = {
			isa = PBXResourcesBuildPhase;
			buildActionMask = 2147483647;
			files = (
			);
			runOnlyForDeploymentPostprocessing = 0;
		};
/* End PBXResourcesBuildPhase section */

/* Begin PBXShellScriptBuildPhase section */
		89C320B01B8F492B0AEA6391 /* [CP] Check Pods Manifest.lock */ = {
			isa = PBXShellScriptBuildPhase;
			buildActionMask = 2147483647;
			files = (
			);
			inputPaths = (
			);
			name = "[CP] Check Pods Manifest.lock";
			outputPaths = (
			);
			runOnlyForDeploymentPostprocessing = 0;
			shellPath = /bin/sh;
			shellScript = "diff \"${PODS_ROOT}/../Podfile.lock\" \"${PODS_ROOT}/Manifest.lock\" > /dev/null\nif [ $? != 0 ] ; then\n    # print error to STDERR\n    echo \"error: The sandbox is not in sync with the Podfile.lock. Run 'pod install' or update your CocoaPods installation.\" >&2\n    exit 1\nfi\n";
			showEnvVarsInLog = 0;
		};
		8F0828FF73A2FC484C54C4B7 /* [CP] Copy Pods Resources */ = {
			isa = PBXShellScriptBuildPhase;
			buildActionMask = 2147483647;
			files = (
			);
			inputPaths = (
			);
			name = "[CP] Copy Pods Resources";
			outputPaths = (
			);
			runOnlyForDeploymentPostprocessing = 0;
			shellPath = /bin/sh;
			shellScript = "\"${SRCROOT}/Pods/Target Support Files/Pods-WXYListView/Pods-WXYListView-resources.sh\"\n";
			showEnvVarsInLog = 0;
		};
		9B7B462B26A5B4DC00D73C2D /* [CP] Embed Pods Frameworks */ = {
			isa = PBXShellScriptBuildPhase;
			buildActionMask = 2147483647;
			files = (
			);
			inputPaths = (
			);
			name = "[CP] Embed Pods Frameworks";
			outputPaths = (
			);
			runOnlyForDeploymentPostprocessing = 0;
			shellPath = /bin/sh;
			shellScript = "\"${SRCROOT}/Pods/Target Support Files/Pods-WXYListView/Pods-WXYListView-frameworks.sh\"\n";
			showEnvVarsInLog = 0;
		};
		CB195166176F10017FDD6B65 /* [CP] Copy Pods Resources */ = {
			isa = PBXShellScriptBuildPhase;
			buildActionMask = 2147483647;
			files = (
			);
			inputPaths = (
			);
			name = "[CP] Copy Pods Resources";
			outputPaths = (
			);
			runOnlyForDeploymentPostprocessing = 0;
			shellPath = /bin/sh;
			shellScript = "\"${SRCROOT}/Pods/Target Support Files/Pods-WXYListViewTests/Pods-WXYListViewTests-resources.sh\"\n";
			showEnvVarsInLog = 0;
		};
		D8652B736A38DDAB0B9F210A /* [CP] Embed Pods Frameworks */ = {
			isa = PBXShellScriptBuildPhase;
			buildActionMask = 2147483647;
			files = (
			);
			inputPaths = (
			);
			name = "[CP] Embed Pods Frameworks";
			outputPaths = (
			);
			runOnlyForDeploymentPostprocessing = 0;
			shellPath = /bin/sh;
			shellScript = "\"${SRCROOT}/Pods/Target Support Files/Pods-WXYListViewTests/Pods-WXYListViewTests-frameworks.sh\"\n";
			showEnvVarsInLog = 0;
		};
		DD19AA0F37BAC8698DCC4707 /* [CP] Check Pods Manifest.lock */ = {
			isa = PBXShellScriptBuildPhase;
			buildActionMask = 2147483647;
			files = (
			);
			inputPaths = (
			);
			name = "[CP] Check Pods Manifest.lock";
			outputPaths = (
			);
			runOnlyForDeploymentPostprocessing = 0;
			shellPath = /bin/sh;
			shellScript = "diff \"${PODS_ROOT}/../Podfile.lock\" \"${PODS_ROOT}/Manifest.lock\" > /dev/null\nif [ $? != 0 ] ; then\n    # print error to STDERR\n    echo \"error: The sandbox is not in sync with the Podfile.lock. Run 'pod install' or update your CocoaPods installation.\" >&2\n    exit 1\nfi\n";
			showEnvVarsInLog = 0;
		};
/* End PBXShellScriptBuildPhase section */

/* Begin PBXSourcesBuildPhase section */
		1C5E130E1E83C80B005B48A9 /* Sources */ = {
			isa = PBXSourcesBuildPhase;
			buildActionMask = 2147483647;
			files = (
				1C5E131D1E83C80B005B48A9 /* ViewController.m in Sources */,
				1C5E131A1E83C80B005B48A9 /* AppDelegate.m in Sources */,
				1C5E13171E83C80B005B48A9 /* main.m in Sources */,
			);
			runOnlyForDeploymentPostprocessing = 0;
		};
		1C5E13271E83C80B005B48A9 /* Sources */ = {
			isa = PBXSourcesBuildPhase;
			buildActionMask = 2147483647;
			files = (
				1C5E13301E83C80B005B48A9 /* WXYListViewTests.m in Sources */,
			);
			runOnlyForDeploymentPostprocessing = 0;
		};
		1C5E13321E83C80B005B48A9 /* Sources */ = {
			isa = PBXSourcesBuildPhase;
			buildActionMask = 2147483647;
			files = (
				1C5E133B1E83C80B005B48A9 /* WXYListViewUITests.m in Sources */,
			);
			runOnlyForDeploymentPostprocessing = 0;
		};
/* End PBXSourcesBuildPhase section */

/* Begin PBXTargetDependency section */
		1C5E132D1E83C80B005B48A9 /* PBXTargetDependency */ = {
			isa = PBXTargetDependency;
			target = 1C5E13111E83C80B005B48A9 /* WXYListView */;
			targetProxy = 1C5E132C1E83C80B005B48A9 /* PBXContainerItemProxy */;
		};
		1C5E13381E83C80B005B48A9 /* PBXTargetDependency */ = {
			isa = PBXTargetDependency;
			target = 1C5E13111E83C80B005B48A9 /* WXYListView */;
			targetProxy = 1C5E13371E83C80B005B48A9 /* PBXContainerItemProxy */;
		};
/* End PBXTargetDependency section */

/* Begin PBXVariantGroup section */
		1C5E131E1E83C80B005B48A9 /* Main.storyboard */ = {
			isa = PBXVariantGroup;
			children = (
				1C5E131F1E83C80B005B48A9 /* Base */,
			);
			name = Main.storyboard;
			sourceTree = "<group>";
		};
		1C5E13231E83C80B005B48A9 /* LaunchScreen.storyboard */ = {
			isa = PBXVariantGroup;
			children = (
				1C5E13241E83C80B005B48A9 /* Base */,
			);
			name = LaunchScreen.storyboard;
			sourceTree = "<group>";
		};
/* End PBXVariantGroup section */

/* Begin XCBuildConfiguration section */
		1C5E133D1E83C80B005B48A9 /* Debug */ = {
			isa = XCBuildConfiguration;
			buildSettings = {
				ALWAYS_SEARCH_USER_PATHS = NO;
				CLANG_ANALYZER_NONNULL = YES;
				CLANG_CXX_LANGUAGE_STANDARD = "gnu++0x";
				CLANG_CXX_LIBRARY = "libc++";
				CLANG_ENABLE_MODULES = YES;
				CLANG_ENABLE_OBJC_ARC = YES;
				CLANG_WARN_BOOL_CONVERSION = YES;
				CLANG_WARN_CONSTANT_CONVERSION = YES;
				CLANG_WARN_DIRECT_OBJC_ISA_USAGE = YES_ERROR;
				CLANG_WARN_DOCUMENTATION_COMMENTS = YES;
				CLANG_WARN_EMPTY_BODY = YES;
				CLANG_WARN_ENUM_CONVERSION = YES;
				CLANG_WARN_INFINITE_RECURSION = YES;
				CLANG_WARN_INT_CONVERSION = YES;
				CLANG_WARN_OBJC_ROOT_CLASS = YES_ERROR;
				CLANG_WARN_SUSPICIOUS_MOVE = YES;
				CLANG_WARN_UNREACHABLE_CODE = YES;
				CLANG_WARN__DUPLICATE_METHOD_MATCH = YES;
				"CODE_SIGN_IDENTITY[sdk=iphoneos*]" = "iPhone Developer";
				COPY_PHASE_STRIP = NO;
				DEBUG_INFORMATION_FORMAT = dwarf;
				ENABLE_STRICT_OBJC_MSGSEND = YES;
				ENABLE_TESTABILITY = YES;
				GCC_C_LANGUAGE_STANDARD = gnu99;
				GCC_DYNAMIC_NO_PIC = NO;
				GCC_NO_COMMON_BLOCKS = YES;
				GCC_OPTIMIZATION_LEVEL = 0;
				GCC_PREPROCESSOR_DEFINITIONS = (
					"DEBUG=1",
					"$(inherited)",
				);
				GCC_WARN_64_TO_32_BIT_CONVERSION = YES;
				GCC_WARN_ABOUT_RETURN_TYPE = YES_ERROR;
				GCC_WARN_UNDECLARED_SELECTOR = YES;
				GCC_WARN_UNINITIALIZED_AUTOS = YES_AGGRESSIVE;
				GCC_WARN_UNUSED_FUNCTION = YES;
				GCC_WARN_UNUSED_VARIABLE = YES;
				IPHONEOS_DEPLOYMENT_TARGET = 10.2;
				MTL_ENABLE_DEBUG_INFO = YES;
				ONLY_ACTIVE_ARCH = YES;
				SDKROOT = iphoneos;
				TARGETED_DEVICE_FAMILY = "1,2";
			};
			name = Debug;
		};
		1C5E133E1E83C80B005B48A9 /* Release */ = {
			isa = XCBuildConfiguration;
			buildSettings = {
				ALWAYS_SEARCH_USER_PATHS = NO;
				CLANG_ANALYZER_NONNULL = YES;
				CLANG_CXX_LANGUAGE_STANDARD = "gnu++0x";
				CLANG_CXX_LIBRARY = "libc++";
				CLANG_ENABLE_MODULES = YES;
				CLANG_ENABLE_OBJC_ARC = YES;
				CLANG_WARN_BOOL_CONVERSION = YES;
				CLANG_WARN_CONSTANT_CONVERSION = YES;
				CLANG_WARN_DIRECT_OBJC_ISA_USAGE = YES_ERROR;
				CLANG_WARN_DOCUMENTATION_COMMENTS = YES;
				CLANG_WARN_EMPTY_BODY = YES;
				CLANG_WARN_ENUM_CONVERSION = YES;
				CLANG_WARN_INFINITE_RECURSION = YES;
				CLANG_WARN_INT_CONVERSION = YES;
				CLANG_WARN_OBJC_ROOT_CLASS = YES_ERROR;
				CLANG_WARN_SUSPICIOUS_MOVE = YES;
				CLANG_WARN_UNREACHABLE_CODE = YES;
				CLANG_WARN__DUPLICATE_METHOD_MATCH = YES;
				"CODE_SIGN_IDENTITY[sdk=iphoneos*]" = "iPhone Developer";
				COPY_PHASE_STRIP = NO;
				DEBUG_INFORMATION_FORMAT = "dwarf-with-dsym";
				ENABLE_NS_ASSERTIONS = NO;
				ENABLE_STRICT_OBJC_MSGSEND = YES;
				GCC_C_LANGUAGE_STANDARD = gnu99;
				GCC_NO_COMMON_BLOCKS = YES;
				GCC_WARN_64_TO_32_BIT_CONVERSION = YES;
				GCC_WARN_ABOUT_RETURN_TYPE = YES_ERROR;
				GCC_WARN_UNDECLARED_SELECTOR = YES;
				GCC_WARN_UNINITIALIZED_AUTOS = YES_AGGRESSIVE;
				GCC_WARN_UNUSED_FUNCTION = YES;
				GCC_WARN_UNUSED_VARIABLE = YES;
				IPHONEOS_DEPLOYMENT_TARGET = 10.2;
				MTL_ENABLE_DEBUG_INFO = NO;
				SDKROOT = iphoneos;
				TARGETED_DEVICE_FAMILY = "1,2";
				VALIDATE_PRODUCT = YES;
			};
			name = Release;
		};
		1C5E13401E83C80B005B48A9 /* Debug */ = {
			isa = XCBuildConfiguration;
			baseConfigurationReference = B0AF6B4D98C63A3CA3B3B64A /* Pods-WXYListView.debug.xcconfig */;
			buildSettings = {
				ASSETCATALOG_COMPILER_APPICON_NAME = AppIcon;
				INFOPLIST_FILE = WXYListView/Info.plist;
				LD_RUNPATH_SEARCH_PATHS = "$(inherited) @executable_path/Frameworks";
				PRODUCT_BUNDLE_IDENTIFIER = com.ss.WXYListView;
				PRODUCT_NAME = "$(TARGET_NAME)";
			};
			name = Debug;
		};
		1C5E13411E83C80B005B48A9 /* Release */ = {
			isa = XCBuildConfiguration;
			baseConfigurationReference = 338B9C59F6F3FDD26AB9B475 /* Pods-WXYListView.release.xcconfig */;
			buildSettings = {
				ASSETCATALOG_COMPILER_APPICON_NAME = AppIcon;
				INFOPLIST_FILE = WXYListView/Info.plist;
				LD_RUNPATH_SEARCH_PATHS = "$(inherited) @executable_path/Frameworks";
				PRODUCT_BUNDLE_IDENTIFIER = com.ss.WXYListView;
				PRODUCT_NAME = "$(TARGET_NAME)";
			};
			name = Release;
		};
		1C5E13431E83C80B005B48A9 /* Debug */ = {
			isa = XCBuildConfiguration;
			baseConfigurationReference = E035FC343D76FE0389EFAB8D /* Pods-WXYListViewTests.debug.xcconfig */;
			buildSettings = {
				BUNDLE_LOADER = "$(TEST_HOST)";
				INFOPLIST_FILE = WXYListViewTests/Info.plist;
				LD_RUNPATH_SEARCH_PATHS = "$(inherited) @executable_path/Frameworks @loader_path/Frameworks";
				PRODUCT_BUNDLE_IDENTIFIER = com.ss.WXYListViewTests;
				PRODUCT_NAME = "$(TARGET_NAME)";
				TEST_HOST = "$(BUILT_PRODUCTS_DIR)/WXYListView.app/WXYListView";
			};
			name = Debug;
		};
		1C5E13441E83C80B005B48A9 /* Release */ = {
			isa = XCBuildConfiguration;
			baseConfigurationReference = B24C7689201FD4CAC44843B0 /* Pods-WXYListViewTests.release.xcconfig */;
			buildSettings = {
				BUNDLE_LOADER = "$(TEST_HOST)";
				INFOPLIST_FILE = WXYListViewTests/Info.plist;
				LD_RUNPATH_SEARCH_PATHS = "$(inherited) @executable_path/Frameworks @loader_path/Frameworks";
				PRODUCT_BUNDLE_IDENTIFIER = com.ss.WXYListViewTests;
				PRODUCT_NAME = "$(TARGET_NAME)";
				TEST_HOST = "$(BUILT_PRODUCTS_DIR)/WXYListView.app/WXYListView";
			};
			name = Release;
		};
		1C5E13461E83C80B005B48A9 /* Debug */ = {
			isa = XCBuildConfiguration;
			buildSettings = {
				INFOPLIST_FILE = WXYListViewUITests/Info.plist;
				LD_RUNPATH_SEARCH_PATHS = "$(inherited) @executable_path/Frameworks @loader_path/Frameworks";
				PRODUCT_BUNDLE_IDENTIFIER = com.ss.WXYListViewUITests;
				PRODUCT_NAME = "$(TARGET_NAME)";
				TEST_TARGET_NAME = WXYListView;
			};
			name = Debug;
		};
		1C5E13471E83C80B005B48A9 /* Release */ = {
			isa = XCBuildConfiguration;
			buildSettings = {
				INFOPLIST_FILE = WXYListViewUITests/Info.plist;
				LD_RUNPATH_SEARCH_PATHS = "$(inherited) @executable_path/Frameworks @loader_path/Frameworks";
				PRODUCT_BUNDLE_IDENTIFIER = com.ss.WXYListViewUITests;
				PRODUCT_NAME = "$(TARGET_NAME)";
				TEST_TARGET_NAME = WXYListView;
			};
			name = Release;
		};
/* End XCBuildConfiguration section */

/* Begin XCConfigurationList section */
		1C5E130D1E83C80B005B48A9 /* Build configuration list for PBXProject "WXYListView" */ = {
			isa = XCConfigurationList;
			buildConfigurations = (
				1C5E133D1E83C80B005B48A9 /* Debug */,
				1C5E133E1E83C80B005B48A9 /* Release */,
			);
			defaultConfigurationIsVisible = 0;
			defaultConfigurationName = Release;
		};
		1C5E133F1E83C80B005B48A9 /* Build configuration list for PBXNativeTarget "WXYListView" */ = {
			isa = XCConfigurationList;
			buildConfigurations = (
				1C5E13401E83C80B005B48A9 /* Debug */,
				1C5E13411E83C80B005B48A9 /* Release */,
			);
			defaultConfigurationIsVisible = 0;
		};
		1C5E13421E83C80B005B48A9 /* Build configuration list for PBXNativeTarget "WXYListViewTests" */ = {
			isa = XCConfigurationList;
			buildConfigurations = (
				1C5E13431E83C80B005B48A9 /* Debug */,
				1C5E13441E83C80B005B48A9 /* Release */,
			);
			defaultConfigurationIsVisible = 0;
		};
		1C5E13451E83C80B005B48A9 /* Build configuration list for PBXNativeTarget "WXYListViewUITests" */ = {
			isa = XCConfigurationList;
			buildConfigurations = (
				1C5E13461E83C80B005B48A9 /* Debug */,
				1C5E13471E83C80B005B48A9 /* Release */,
			);
			defaultConfigurationIsVisible = 0;
		};
/* End XCConfigurationList section */
	};
	rootObject = 1C5E130A1E83C80B005B48A9 /* Project object */;
}
